
Microsoft Visual Studio Solution File, Format Version 12.00
# Visual Studio Version 17
VisualStudioVersion = 17.0.31903.59
MinimumVisualStudioVersion = 10.0.40219.1
Project("{FAE04EC0-301F-11D3-BF4B-00C04F79EFBC}") = "NaturalForum.Web", "NaturalForum.Web\NaturalForum.Web.csproj", "{F1AD270E-5CA6-4FE0-A891-31FFA4A8BE4F}"
EndProject
Project("{FAE04EC0-301F-11D3-BF4B-00C04F79EFBC}") = "NaturalForum.Common", "NaturalForum.Common\NaturalForum.Common.csproj", "{39004B89-BAA2-425D-B432-F70F92FC8793}"
EndProject
Project("{2150E333-8FDC-42A3-9474-1A3956D46DE8}") = "Web", "Web", "{1314BD04-01B7-4B58-B82D-8380D09DE55F}"
EndProject
Project("{2150E333-8FDC-42A3-9474-1A3956D46DE8}") = "Data", "Data", "{04AB0E3E-0116-46C0-B332-BB6E05192684}"
EndProject
Project("{FAE04EC0-301F-11D3-BF4B-00C04F79EFBC}") = "NaturalForum.Data", "NaturalForum.Data\NaturalForum.Data.csproj", "{6D6AB277-8DF5-4E13-A2C4-8111B5BE350F}"
EndProject
Project("{FAE04EC0-301F-11D3-BF4B-00C04F79EFBC}") = "NaturalForum.Data.Models", "NaturalForum.Data.Models\NaturalForum.Data.Models.csproj", "{F1A675B9-56C5-43D7-922D-1E0C530EFBD6}"
EndProject
Project("{FAE04EC0-301F-11D3-BF4B-00C04F79EFBC}") = "NaturalForum.Web.ViewModels", "NaturalForum.Web.ViewModels\NaturalForum.Web.ViewModels.csproj", "{E9FF63C2-28AD-4097-ADC8-EC0DF83C80BA}"
EndProject
Global
	GlobalSection(SolutionConfigurationPlatforms) = preSolution
		Debug|Any CPU = Debug|Any CPU
		Release|Any CPU = Release|Any CPU
	EndGlobalSection
	GlobalSection(ProjectConfigurationPlatforms) = postSolution
		{F1AD270E-5CA6-4FE0-A891-31FFA4A8BE4F}.Debug|Any CPU.ActiveCfg = Debug|Any CPU
		{F1AD270E-5CA6-4FE0-A891-31FFA4A8BE4F}.Debug|Any CPU.Build.0 = Debug|Any CPU
		{F1AD270E-5CA6-4FE0-A891-31FFA4A8BE4F}.Release|Any CPU.ActiveCfg = Release|Any CPU
		{F1AD270E-5CA6-4FE0-A891-31FFA4A8BE4F}.Release|Any CPU.Build.0 = Release|Any CPU
		{39004B89-BAA2-425D-B432-F70F92FC8793}.Debug|Any CPU.ActiveCfg = Debug|Any CPU
		{39004B89-BAA2-425D-B432-F70F92FC8793}.Debug|Any CPU.Build.0 = Debug|Any CPU
		{39004B89-BAA2-425D-B432-F70F92FC8793}.Release|Any CPU.ActiveCfg = Release|Any CPU
		{39004B89-BAA2-425D-B432-F70F92FC8793}.Release|Any CPU.Build.0 = Release|Any CPU
		{6D6AB277-8DF5-4E13-A2C4-8111B5BE350F}.Debug|Any CPU.ActiveCfg = Debug|Any CPU
		{6D6AB277-8DF5-4E13-A2C4-8111B5BE350F}.Debug|Any CPU.Build.0 = Debug|Any CPU
		{6D6AB277-8DF5-4E13-A2C4-8111B5BE350F}.Release|Any CPU.ActiveCfg = Release|Any CPU
		{6D6AB277-8DF5-4E13-A2C4-8111B5BE350F}.Release|Any CPU.Build.0 = Release|Any CPU
		{F1A675B9-56C5-43D7-922D-1E0C530EFBD6}.Debug|Any CPU.ActiveCfg = Debug|Any CPU
		{F1A675B9-56C5-43D7-922D-1E0C530EFBD6}.Debug|Any CPU.Build.0 = Debug|Any CPU
		{F1A675B9-56C5-43D7-922D-1E0C530EFBD6}.Release|Any CPU.ActiveCfg = Release|Any CPU
		{F1A675B9-56C5-43D7-922D-1E0C530EFBD6}.Release|Any CPU.Build.0 = Release|Any CPU
		{E9FF63C2-28AD-4097-ADC8-EC0DF83C80BA}.Debug|Any CPU.ActiveCfg = Debug|Any CPU
		{E9FF63C2-28AD-4097-ADC8-EC0DF83C80BA}.Debug|Any CPU.Build.0 = Debug|Any CPU
		{E9FF63C2-28AD-4097-ADC8-EC0DF83C80BA}.Release|Any CPU.ActiveCfg = Release|Any CPU
		{E9FF63C2-28AD-4097-ADC8-EC0DF83C80BA}.Release|Any CPU.Build.0 = Release|Any CPU
	EndGlobalSection
	GlobalSection(SolutionProperties) = preSolution
		HideSolutionNode = FALSE
	EndGlobalSection
	GlobalSection(NestedProjects) = preSolution
		{F1AD270E-5CA6-4FE0-A891-31FFA4A8BE4F} = {1314BD04-01B7-4B58-B82D-8380D09DE55F}
		{6D6AB277-8DF5-4E13-A2C4-8111B5BE350F} = {04AB0E3E-0116-46C0-B332-BB6E05192684}
		{F1A675B9-56C5-43D7-922D-1E0C530EFBD6} = {04AB0E3E-0116-46C0-B332-BB6E05192684}
		{E9FF63C2-28AD-4097-ADC8-EC0DF83C80BA} = {1314BD04-01B7-4B58-B82D-8380D09DE55F}
	EndGlobalSection
	GlobalSection(ExtensibilityGlobals) = postSolution
		SolutionGuid = {79231B34-9F4A-47D3-9F78-361A755A4427}
	EndGlobalSection
EndGlobal
